{
  "name": "dfs-solver",
  "version": "0.0.0",
  "lockfileVersion": 1,
  "requires": true,
  "dependencies": {
    "javascript-lp-solver": {
      "version": "0.4.24",
      "resolved": "https://registry.npmjs.org/javascript-lp-solver/-/javascript-lp-solver-0.4.24.tgz",
      "integrity": "sha512-5edoDKnMrt/u3M6GnZKDDIPxOyFOg+WrwDv8mjNiMC2DePhy2H9/FFQgf4ggywaXT1utvkxusJcjQUER72cZmA=="
    }
  }
}
